<?xml version="1.0" encoding="utf-8"?>
<Project ToolsVersion="4.0" xmlns="http://schemas.microsoft.com/developer/msbuild/2003">
  <ItemGroup>
    <Filter Include="소스 파일">
      <UniqueIdentifier>{4FC737F1-C7A5-4376-A066-2A32D752A2FF}</UniqueIdentifier>
      <Extensions>cpp;c;cc;cxx;def;odl;idl;hpj;bat;asm;asmx</Extensions>
    </Filter>
    <Filter Include="헤더 파일">
      <UniqueIdentifier>{93995380-89BD-4b04-88EB-625FBE52EBFB}</UniqueIdentifier>
      <Extensions>h;hpp;hxx;hm;inl;inc;xsd</Extensions>
    </Filter>
    <Filter Include="리소스 파일">
      <UniqueIdentifier>{67DA6AB6-F800-4c08-8B7A-83BB121AAD01}</UniqueIdentifier>
      <Extensions>rc;ico;cur;bmp;dlg;rc2;rct;bin;rgs;gif;jpg;jpeg;jpe;resx;tiff;tif;png;wav;mfcribbon-ms</Extensions>
    </Filter>
    <Filter Include="소스 파일\Packet">
      <UniqueIdentifier>{751e47f8-cf63-4a62-9a31-30c3b67f0e4d}</UniqueIdentifier>
    </Filter>
    <Filter Include="소스 파일\Thread">
      <UniqueIdentifier>{d1185289-47ab-4d10-9497-9dfb8d8aa862}</UniqueIdentifier>
    </Filter>
    <Filter Include="소스 파일\Send">
      <UniqueIdentifier>{a78c21ac-bd8a-4ebc-a7b6-74ccf8c3e02b}</UniqueIdentifier>
    </Filter>
    <Filter Include="소스 파일\Receive">
      <UniqueIdentifier>{2b03fd87-9e96-4134-a8f1-122dbc4d6c5c}</UniqueIdentifier>
    </Filter>
  </ItemGroup>
  <ItemGroup>
    <ClCompile Include="Error.cpp">
      <Filter>소스 파일</Filter>
    </ClCompile>
    <ClCompile Include="Network.cpp">
      <Filter>소스 파일</Filter>
    </ClCompile>
    <ClCompile Include="main.cpp">
      <Filter>소스 파일</Filter>
    </ClCompile>
    <ClCompile Include="Listener.cpp">
      <Filter>소스 파일</Filter>
    </ClCompile>
    <ClCompile Include="Packet.cpp">
      <Filter>소스 파일\Packet</Filter>
    </ClCompile>
    <ClCompile Include="PacketResolver.cpp">
      <Filter>소스 파일\Packet</Filter>
    </ClCompile>
    <ClCompile Include="Thread.cpp">
      <Filter>소스 파일\Thread</Filter>
    </ClCompile>
    <ClCompile Include="Message.cpp">
      <Filter>소스 파일</Filter>
    </ClCompile>
    <ClCompile Include="Send.cpp">
      <Filter>소스 파일\Send</Filter>
    </ClCompile>
    <ClCompile Include="Receive.cpp">
      <Filter>소스 파일\Receive</Filter>
    </ClCompile>
  </ItemGroup>
  <ItemGroup>
    <ClInclude Include="Error.h">
      <Filter>헤더 파일</Filter>
    </ClInclude>
    <ClInclude Include="Network.h">
      <Filter>헤더 파일</Filter>
    </ClInclude>
    <ClInclude Include="global.h">
      <Filter>헤더 파일</Filter>
    </ClInclude>
    <ClInclude Include="Listener.h">
      <Filter>헤더 파일</Filter>
    </ClInclude>
    <ClInclude Include="Packet.h">
      <Filter>소스 파일\Packet</Filter>
    </ClInclude>
    <ClInclude Include="PacketResolver.h">
      <Filter>소스 파일\Packet</Filter>
    </ClInclude>
    <ClInclude Include="Thread.h">
      <Filter>소스 파일\Thread</Filter>
    </ClInclude>
    <ClInclude Include="Message.h">
      <Filter>헤더 파일</Filter>
    </ClInclude>
    <ClInclude Include="Send.h">
      <Filter>소스 파일\Send</Filter>
    </ClInclude>
    <ClInclude Include="Receive.h">
      <Filter>소스 파일\Receive</Filter>
    </ClInclude>
  </ItemGroup>
</Project>